
Microsoft Visual Studio Solution File, Format Version 12.00
# Visual Studio 15
VisualStudioVersion = 15.0.28010.2041
MinimumVisualStudioVersion = 10.0.40219.1
Project("{FAE04EC0-301F-11D3-BF4B-00C04F79EFBC}") = "DKExamWPF", "DKExamWPF\DKExamWPF.csproj", "{920145FF-7115-436E-85D5-3CE5B6138139}"
EndProject
Global
	GlobalSection(SolutionConfigurationPlatforms) = preSolution
		Debug|Any CPU = Debug|Any CPU
		Release|Any CPU = Release|Any CPU
	EndGlobalSection
	GlobalSection(ProjectConfigurationPlatforms) = postSolution
		{920145FF-7115-436E-85D5-3CE5B6138139}.Debug|Any CPU.ActiveCfg = Debug|Any CPU
		{920145FF-7115-436E-85D5-3CE5B6138139}.Debug|Any CPU.Build.0 = Debug|Any CPU
		{920145FF-7115-436E-85D5-3CE5B6138139}.Release|Any CPU.ActiveCfg = Release|Any CPU
		{920145FF-7115-436E-85D5-3CE5B6138139}.Release|Any CPU.Build.0 = Release|Any CPU
	EndGlobalSection
	GlobalSection(SolutionProperties) = preSolution
		HideSolutionNode = FALSE
	EndGlobalSection
	GlobalSection(ExtensibilityGlobals) = postSolution
		SolutionGuid = {2008A038-FB27-40A1-B4A8-0C3E378D2F17}
	EndGlobalSection
EndGlobal
